// !$*UTF8*$!
{
	archiveVersion = 1;
	classes = {
	};
	objectVersion = 46;
	objects = {

/* Begin PBXBuildFile section */
		C37BB39D18B483D800ACB372 /* Foundation.framework in Frameworks */ = {isa = PBXBuildFile; fileRef = C37BB39C18B483D800ACB372 /* Foundation.framework */; };
		C37BB39F18B483D800ACB372 /* CoreGraphics.framework in Frameworks */ = {isa = PBXBuildFile; fileRef = C37BB39E18B483D800ACB372 /* CoreGraphics.framework */; };
		C37BB3A118B483D800ACB372 /* UIKit.framework in Frameworks */ = {isa = PBXBuildFile; fileRef = C37BB3A018B483D800ACB372 /* UIKit.framework */; };
		C37BB3A718B483D800ACB372 /* InfoPlist.strings in Resources */ = {isa = PBXBuildFile; fileRef = C37BB3A518B483D800ACB372 /* InfoPlist.strings */; };
		C37BB3A918B483D800ACB372 /* main.m in Sources */ = {isa = PBXBuildFile; fileRef = C37BB3A818B483D800ACB372 /* main.m */; };
		C37BB3AD18B483D800ACB372 /* HelloWorldAppDelegate.m in Sources */ = {isa = PBXBuildFile; fileRef = C37BB3AC18B483D800ACB372 /* HelloWorldAppDelegate.m */; };
		C37BB3B018B483D800ACB372 /* Main.storyboard in Resources */ = {isa = PBXBuildFile; fileRef = C37BB3AE18B483D800ACB372 /* Main.storyboard */; };
		C37BB3B318B483D800ACB372 /* HelloWorldViewController.m in Sources */ = {isa = PBXBuildFile; fileRef = C37BB3B218B483D800ACB372 /* HelloWorldViewController.m */; };
		C37BB3B518B483D800ACB372 /* Images.xcassets in Resources */ = {isa = PBXBuildFile; fileRef = C37BB3B418B483D800ACB372 /* Images.xcassets */; };
		C37BB3BC18B483D800ACB372 /* XCTest.framework in Frameworks */ = {isa = PBXBuildFile; fileRef = C37BB3BB18B483D800ACB372 /* XCTest.framework */; };
		C37BB3BD18B483D800ACB372 /* Foundation.framework in Frameworks */ = {isa = PBXBuildFile; fileRef = C37BB39C18B483D800ACB372 /* Foundation.framework */; };
		C37BB3BE18B483D800ACB372 /* UIKit.framework in Frameworks */ = {isa = PBXBuildFile; fileRef = C37BB3A018B483D800ACB372 /* UIKit.framework */; };
		C37BB3C618B483D800ACB372 /* InfoPlist.strings in Resources */ = {isa = PBXBuildFile; fileRef = C37BB3C418B483D800ACB372 /* InfoPlist.strings */; };
		C37BB3C818B483D800ACB372 /* HelloWorldTests.m in Sources */ = {isa = PBXBuildFile; fileRef = C37BB3C718B483D800ACB372 /* HelloWorldTests.m */; };
/* End PBXBuildFile section */

/* Begin PBXContainerItemProxy section */
		C37BB3BF18B483D800ACB372 /* PBXContainerItemProxy */ = {
			isa = PBXContainerItemProxy;
			containerPortal = C37BB39118B483D700ACB372 /* Project object */;
			proxyType = 1;
			remoteGlobalIDString = C37BB39818B483D700ACB372;
			remoteInfo = HelloWorld;
		};
/* End PBXContainerItemProxy section */

/* Begin PBXFileReference section */
		C37BB39918B483D800ACB372 /* HelloWorld.app */ = {isa = PBXFileReference; explicitFileType = wrapper.application; includeInIndex = 0; path = HelloWorld.app; sourceTree = BUILT_PRODUCTS_DIR; };
		C37BB39C18B483D800ACB372 /* Foundation.framework */ = {isa = PBXFileReference; lastKnownFileType = wrapper.framework; name = Foundation.framework; path = System/Library/Frameworks/Foundation.framework; sourceTree = SDKROOT; };
		C37BB39E18B483D800ACB372 /* CoreGraphics.framework */ = {isa = PBXFileReference; lastKnownFileType = wrapper.framework; name = CoreGraphics.framework; path = System/Library/Frameworks/CoreGraphics.framework; sourceTree = SDKROOT; };
		C37BB3A018B483D800ACB372 /* UIKit.framework */ = {isa = PBXFileReference; lastKnownFileType = wrapper.framework; name = UIKit.framework; path = System/Library/Frameworks/UIKit.framework; sourceTree = SDKROOT; };
		C37BB3A418B483D800ACB372 /* HelloWorld-Info.plist */ = {isa = PBXFileReference; lastKnownFileType = text.plist.xml; path = "HelloWorld-Info.plist"; sourceTree = "<group>"; };
		C37BB3A618B483D800ACB372 /* en */ = {isa = PBXFileReference; lastKnownFileType = text.plist.strings; name = en; path = en.lproj/InfoPlist.strings; sourceTree = "<group>"; };
		C37BB3A818B483D800ACB372 /* main.m */ = {isa = PBXFileReference; lastKnownFileType = sourcecode.c.objc; path = main.m; sourceTree = "<group>"; };
		C37BB3AA18B483D800ACB372 /* HelloWorld-Prefix.pch */ = {isa = PBXFileReference; lastKnownFileType = sourcecode.c.h; path = "HelloWorld-Prefix.pch"; sourceTree = "<group>"; };
		C37BB3AB18B483D800ACB372 /* HelloWorldAppDelegate.h */ = {isa = PBXFileReference; lastKnownFileType = sourcecode.c.h; path = HelloWorldAppDelegate.h; sourceTree = "<group>"; };
		C37BB3AC18B483D800ACB372 /* HelloWorldAppDelegate.m */ = {isa = PBXFileReference; lastKnownFileType = sourcecode.c.objc; path = HelloWorldAppDelegate.m; sourceTree = "<group>"; };
		C37BB3AF18B483D800ACB372 /* Base */ = {isa = PBXFileReference; lastKnownFileType = file.storyboard; name = Base; path = Base.lproj/Main.storyboard; sourceTree = "<group>"; };
		C37BB3B118B483D800ACB372 /* HelloWorldViewController.h */ = {isa = PBXFileReference; lastKnownFileType = sourcecode.c.h; path = HelloWorldViewController.h; sourceTree = "<group>"; };
		C37BB3B218B483D800ACB372 /* HelloWorldViewController.m */ = {isa = PBXFileReference; lastKnownFileType = sourcecode.c.objc; path = HelloWorldViewController.m; sourceTree = "<group>"; };
		C37BB3B418B483D800ACB372 /* Images.xcassets */ = {isa = PBXFileReference; lastKnownFileType = folder.assetcatalog; path = Images.xcassets; sourceTree = "<group>"; };
		C37BB3BA18B483D800ACB372 /* HelloWorldTests.xctest */ = {isa = PBXFileReference; explicitFileType = wrapper.cfbundle; includeInIndex = 0; path = HelloWorldTests.xctest; sourceTree = BUILT_PRODUCTS_DIR; };
		C37BB3BB18B483D800ACB372 /* XCTest.framework */ = {isa = PBXFileReference; lastKnownFileType = wrapper.framework; name = XCTest.framework; path = Library/Frameworks/XCTest.framework; sourceTree = DEVELOPER_DIR; };
		C37BB3C318B483D800ACB372 /* HelloWorldTests-Info.plist */ = {isa = PBXFileReference; lastKnownFileType = text.plist.xml; path = "HelloWorldTests-Info.plist"; sourceTree = "<group>"; };
		C37BB3C518B483D800ACB372 /* en */ = {isa = PBXFileReference; lastKnownFileType = text.plist.strings; name = en; path = en.lproj/InfoPlist.strings; sourceTree = "<group>"; };
		C37BB3C718B483D800ACB372 /* HelloWorldTests.m */ = {isa = PBXFileReference; lastKnownFileType = sourcecode.c.objc; path = HelloWorldTests.m; sourceTree = "<group>"; };
/* End PBXFileReference section */

/* Begin PBXFrameworksBuildPhase section */
		C37BB39618B483D700ACB372 /* Frameworks */ = {
			isa = PBXFrameworksBuildPhase;
			buildActionMask = 2147483647;
			files = (
				C37BB39F18B483D800ACB372 /* CoreGraphics.framework in Frameworks */,
				C37BB3A118B483D800ACB372 /* UIKit.framework in Frameworks */,
				C37BB39D18B483D800ACB372 /* Foundation.framework in Frameworks */,
			);
			runOnlyForDeploymentPostprocessing = 0;
		};
		C37BB3B718B483D800ACB372 /* Frameworks */ = {
			isa = PBXFrameworksBuildPhase;
			buildActionMask = 2147483647;
			files = (
				C37BB3BC18B483D800ACB372 /* XCTest.framework in Frameworks */,
				C37BB3BE18B483D800ACB372 /* UIKit.framework in Frameworks */,
				C37BB3BD18B483D800ACB372 /* Foundation.framework in Frameworks */,
			);
			runOnlyForDeploymentPostprocessing = 0;
		};
/* End PBXFrameworksBuildPhase section */

/* Begin PBXGroup section */
		C37BB39018B483D700ACB372 = {
			isa = PBXGroup;
			children = (
				C37BB3A218B483D800ACB372 /* HelloWorld */,
				C37BB3C118B483D800ACB372 /* HelloWorldTests */,
				C37BB39B18B483D800ACB372 /* Frameworks */,
				C37BB39A18B483D800ACB372 /* Products */,
			);
			sourceTree = "<group>";
		};
		C37BB39A18B483D800ACB372 /* Products */ = {
			isa = PBXGroup;
			children = (
				C37BB39918B483D800ACB372 /* HelloWorld.app */,
				C37BB3BA18B483D800ACB372 /* HelloWorldTests.xctest */,
			);
			name = Products;
			sourceTree = "<group>";
		};
		C37BB39B18B483D800ACB372 /* Frameworks */ = {
			isa = PBXGroup;
			children = (
				C37BB39C18B483D800ACB372 /* Foundation.framework */,
				C37BB39E18B483D800ACB372 /* CoreGraphics.framework */,
				C37BB3A018B483D800ACB372 /* UIKit.framework */,
				C37BB3BB18B483D800ACB372 /* XCTest.framework */,
			);
			name = Frameworks;
			sourceTree = "<group>";
		};
		C37BB3A218B483D800ACB372 /* HelloWorld */ = {
			isa = PBXGroup;
			children = (
				C37BB3AB18B483D800ACB372 /* HelloWorldAppDelegate.h */,
				C37BB3AC18B483D800ACB372 /* HelloWorldAppDelegate.m */,
				C37BB3AE18B483D800ACB372 /* Main.storyboard */,
				C37BB3B118B483D800ACB372 /* HelloWorldViewController.h */,
				C37BB3B218B483D800ACB372 /* HelloWorldViewController.m */,
				C37BB3B418B483D800ACB372 /* Images.xcassets */,
				C37BB3A318B483D800ACB372 /* Supporting Files */,
			);
			path = HelloWorld;
			sourceTree = "<group>";
		};
		C37BB3A318B483D800ACB372 /* Supporting Files */ = {
			isa = PBXGroup;
			children = (
				C37BB3A418B483D800ACB372 /* HelloWorld-Info.plist */,
				C37BB3A518B483D800ACB372 /* InfoPlist.strings */,
				C37BB3A818B483D800ACB372 /* main.m */,
				C37BB3AA18B483D800ACB372 /* HelloWorld-Prefix.pch */,
			);
			name = "Supporting Files";
			sourceTree = "<group>";
		};
		C37BB3C118B483D800ACB372 /* HelloWorldTests */ = {
			isa = PBXGroup;
			children = (
				C37BB3C718B483D800ACB372 /* HelloWorldTests.m */,
				C37BB3C218B483D800ACB372 /* Supporting Files */,
			);
			path = HelloWorldTests;
			sourceTree = "<group>";
		};
		C37BB3C218B483D800ACB372 /* Supporting Files */ = {
			isa = PBXGroup;
			children = (
				C37BB3C318B483D800ACB372 /* HelloWorldTests-Info.plist */,
				C37BB3C418B483D800ACB372 /* InfoPlist.strings */,
			);
			name = "Supporting Files";
			sourceTree = "<group>";
		};
/* End PBXGroup section */

/* Begin PBXNativeTarget section */
		C37BB39818B483D700ACB372 /* HelloWorld */ = {
			isa = PBXNativeTarget;
			buildConfigurationList = C37BB3CB18B483D800ACB372 /* Build configuration list for PBXNativeTarget "HelloWorld" */;
			buildPhases = (
				C37BB39518B483D700ACB372 /* Sources */,
				C37BB39618B483D700ACB372 /* Frameworks */,
				C37BB39718B483D700ACB372 /* Resources */,
			);
			buildRules = (
			);
			dependencies = (
			);
			name = HelloWorld;
			productName = HelloWorld;
			productReference = C37BB39918B483D800ACB372 /* HelloWorld.app */;
			productType = "com.apple.product-type.application";
		};
		C37BB3B918B483D800ACB372 /* HelloWorldTests */ = {
			isa = PBXNativeTarget;
			buildConfigurationList = C37BB3CE18B483D800ACB372 /* Build configuration list for PBXNativeTarget "HelloWorldTests" */;
			buildPhases = (
				C37BB3B618B483D800ACB372 /* Sources */,
				C37BB3B718B483D800ACB372 /* Frameworks */,
				C37BB3B818B483D800ACB372 /* Resources */,
			);
			buildRules = (
			);
			dependencies = (
				C37BB3C018B483D800ACB372 /* PBXTargetDependency */,
			);
			name = HelloWorldTests;
			productName = HelloWorldTests;
			productReference = C37BB3BA18B483D800ACB372 /* HelloWorldTests.xctest */;
			productType = "com.apple.product-type.bundle.unit-test";
		};
/* End PBXNativeTarget section */

/* Begin PBXProject section */
		C37BB39118B483D700ACB372 /* Project object */ = {
			isa = PBXProject;
			attributes = {
				CLASSPREFIX = HelloWorld;
				LastUpgradeCheck = 0500;
				ORGANIZATIONNAME = Administrator;
				TargetAttributes = {
					C37BB3B918B483D800ACB372 = {
						TestTargetID = C37BB39818B483D700ACB372;
					};
				};
			};
			buildConfigurationList = C37BB39418B483D700ACB372 /* Build configuration list for PBXProject "HelloWorld" */;
			compatibilityVersion = "Xcode 3.2";
			developmentRegion = English;
			hasScannedForEncodings = 0;
			knownRegions = (
				en,
				Base,
			);
			mainGroup = C37BB39018B483D700ACB372;
			productRefGroup = C37BB39A18B483D800ACB372 /* Products */;
			projectDirPath = "";
			projectRoot = "";
			targets = (
				C37BB39818B483D700ACB372 /* HelloWorld */,
				C37BB3B918B483D800ACB372 /* HelloWorldTests */,
			);
		};
/* End PBXProject section */

/* Begin PBXResourcesBuildPhase section */
		C37BB39718B483D700ACB372 /* Resources */ = {
			isa = PBXResourcesBuildPhase;
			buildActionMask = 2147483647;
			files = (
				C37BB3B518B483D800ACB372 /* Images.xcassets in Resources */,
				C37BB3A718B483D800ACB372 /* InfoPlist.strings in Resources */,
				C37BB3B018B483D800ACB372 /* Main.storyboard in Resources */,
			);
			runOnlyForDeploymentPostprocessing = 0;
		};
		C37BB3B818B483D800ACB372 /* Resources */ = {
			isa = PBXResourcesBuildPhase;
			buildActionMask = 2147483647;
			files = (
				C37BB3C618B483D800ACB372 /* InfoPlist.strings in Resources */,
			);
			runOnlyForDeploymentPostprocessing = 0;
		};
/* End PBXResourcesBuildPhase section */

/* Begin PBXSourcesBuildPhase section */
		C37BB39518B483D700ACB372 /* Sources */ = {
			isa = PBXSourcesBuildPhase;
			buildActionMask = 2147483647;
			files = (
				C37BB3AD18B483D800ACB372 /* HelloWorldAppDelegate.m in Sources */,
				C37BB3B318B483D800ACB372 /* HelloWorldViewController.m in Sources */,
				C37BB3A918B483D800ACB372 /* main.m in Sources */,
			);
			runOnlyForDeploymentPostprocessing = 0;
		};
		C37BB3B618B483D800ACB372 /* Sources */ = {
			isa = PBXSourcesBuildPhase;
			buildActionMask = 2147483647;
			files = (
				C37BB3C818B483D800ACB372 /* HelloWorldTests.m in Sources */,
			);
			runOnlyForDeploymentPostprocessing = 0;
		};
/* End PBXSourcesBuildPhase section */

/* Begin PBXTargetDependency section */
		C37BB3C018B483D800ACB372 /* PBXTargetDependency */ = {
			isa = PBXTargetDependency;
			target = C37BB39818B483D700ACB372 /* HelloWorld */;
			targetProxy = C37BB3BF18B483D800ACB372 /* PBXContainerItemProxy */;
		};
/* End PBXTargetDependency section */

/* Begin PBXVariantGroup section */
		C37BB3A518B483D800ACB372 /* InfoPlist.strings */ = {
			isa = PBXVariantGroup;
			children = (
				C37BB3A618B483D800ACB372 /* en */,
			);
			name = InfoPlist.strings;
			sourceTree = "<group>";
		};
		C37BB3AE18B483D800ACB372 /* Main.storyboard */ = {
			isa = PBXVariantGroup;
			children = (
				C37BB3AF18B483D800ACB372 /* Base */,
			);
			name = Main.storyboard;
			sourceTree = "<group>";
		};
		C37BB3C418B483D800ACB372 /* InfoPlist.strings */ = {
			isa = PBXVariantGroup;
			children = (
				C37BB3C518B483D800ACB372 /* en */,
			);
			name = InfoPlist.strings;
			sourceTree = "<group>";
		};
/* End PBXVariantGroup section */

/* Begin XCBuildConfiguration section */
		C37BB3C918B483D800ACB372 /* Debug */ = {
			isa = XCBuildConfiguration;
			buildSettings = {
				ALWAYS_SEARCH_USER_PATHS = NO;
				ARCHS = "$(ARCHS_STANDARD_INCLUDING_64_BIT)";
				CLANG_CXX_LANGUAGE_STANDARD = "gnu++0x";
				CLANG_CXX_LIBRARY = "libc++";
				CLANG_ENABLE_MODULES = YES;
				CLANG_ENABLE_OBJC_ARC = YES;
				CLANG_WARN_BOOL_CONVERSION = YES;
				CLANG_WARN_CONSTANT_CONVERSION = YES;
				CLANG_WARN_DIRECT_OBJC_ISA_USAGE = YES_ERROR;
				CLANG_WARN_EMPTY_BODY = YES;
				CLANG_WARN_ENUM_CONVERSION = YES;
				CLANG_WARN_INT_CONVERSION = YES;
				CLANG_WARN_OBJC_ROOT_CLASS = YES_ERROR;
				CLANG_WARN__DUPLICATE_METHOD_MATCH = YES;
				"CODE_SIGN_IDENTITY[sdk=iphoneos*]" = "iPhone Developer";
				COPY_PHASE_STRIP = NO;
				GCC_C_LANGUAGE_STANDARD = gnu99;
				GCC_DYNAMIC_NO_PIC = NO;
				GCC_OPTIMIZATION_LEVEL = 0;
				GCC_PREPROCESSOR_DEFINITIONS = (
					"DEBUG=1",
					"$(inherited)",
				);
				GCC_SYMBOLS_PRIVATE_EXTERN = NO;
				GCC_WARN_64_TO_32_BIT_CONVERSION = YES;
				GCC_WARN_ABOUT_RETURN_TYPE = YES_ERROR;
				GCC_WARN_UNDECLARED_SELECTOR = YES;
				GCC_WARN_UNINITIALIZED_AUTOS = YES;
				GCC_WARN_UNUSED_FUNCTION = YES;
				GCC_WARN_UNUSED_VARIABLE = YES;
				IPHONEOS_DEPLOYMENT_TARGET = 7.0;
				ONLY_ACTIVE_ARCH = YES;
				SDKROOT = iphoneos;
			};
			name = Debug;
		};
		C37BB3CA18B483D800ACB372 /* Release */ = {
			isa = XCBuildConfiguration;
			buildSettings = {
				ALWAYS_SEARCH_USER_PATHS = NO;
				ARCHS = "$(ARCHS_STANDARD_INCLUDING_64_BIT)";
				CLANG_CXX_LANGUAGE_STANDARD = "gnu++0x";
				CLANG_CXX_LIBRARY = "libc++";
				CLANG_ENABLE_MODULES = YES;
				CLANG_ENABLE_OBJC_ARC = YES;
				CLANG_WARN_BOOL_CONVERSION = YES;
				CLANG_WARN_CONSTANT_CONVERSION = YES;
				CLANG_WARN_DIRECT_OBJC_ISA_USAGE = YES_ERROR;
				CLANG_WARN_EMPTY_BODY = YES;
				CLANG_WARN_ENUM_CONVERSION = YES;
				CLANG_WARN_INT_CONVERSION = YES;
				CLANG_WARN_OBJC_ROOT_CLASS = YES_ERROR;
				CLANG_WARN__DUPLICATE_METHOD_MATCH = YES;
				"CODE_SIGN_IDENTITY[sdk=iphoneos*]" = "iPhone Developer";
				COPY_PHASE_STRIP = YES;
				ENABLE_NS_ASSERTIONS = NO;
				GCC_C_LANGUAGE_STANDARD = gnu99;
				GCC_WARN_64_TO_32_BIT_CONVERSION = YES;
				GCC_WARN_ABOUT_RETURN_TYPE = YES_ERROR;
				GCC_WARN_UNDECLARED_SELECTOR = YES;
				GCC_WARN_UNINITIALIZED_AUTOS = YES;
				GCC_WARN_UNUSED_FUNCTION = YES;
				GCC_WARN_UNUSED_VARIABLE = YES;
				IPHONEOS_DEPLOYMENT_TARGET = 7.0;
				SDKROOT = iphoneos;
				VALIDATE_PRODUCT = YES;
			};
			name = Release;
		};
		C37BB3CC18B483D800ACB372 /* Debug */ = {
			isa = XCBuildConfiguration;
			buildSettings = {
				ASSETCATALOG_COMPILER_APPICON_NAME = AppIcon;
				ASSETCATALOG_COMPILER_LAUNCHIMAGE_NAME = LaunchImage;
				GCC_PRECOMPILE_PREFIX_HEADER = YES;
				GCC_PREFIX_HEADER = "HelloWorld/HelloWorld-Prefix.pch";
				INFOPLIST_FILE = "HelloWorld/HelloWorld-Info.plist";
				PRODUCT_NAME = "$(TARGET_NAME)";
				WRAPPER_EXTENSION = app;
			};
			name = Debug;
		};
		C37BB3CD18B483D800ACB372 /* Release */ = {
			isa = XCBuildConfiguration;
			buildSettings = {
				ASSETCATALOG_COMPILER_APPICON_NAME = AppIcon;
				ASSETCATALOG_COMPILER_LAUNCHIMAGE_NAME = LaunchImage;
				GCC_PRECOMPILE_PREFIX_HEADER = YES;
				GCC_PREFIX_HEADER = "HelloWorld/HelloWorld-Prefix.pch";
				INFOPLIST_FILE = "HelloWorld/HelloWorld-Info.plist";
				PRODUCT_NAME = "$(TARGET_NAME)";
				WRAPPER_EXTENSION = app;
			};
			name = Release;
		};
		C37BB3CF18B483D800ACB372 /* Debug */ = {
			isa = XCBuildConfiguration;
			buildSettings = {
				ARCHS = "$(ARCHS_STANDARD_INCLUDING_64_BIT)";
				BUNDLE_LOADER = "$(BUILT_PRODUCTS_DIR)/HelloWorld.app/HelloWorld";
				FRAMEWORK_SEARCH_PATHS = (
					"$(SDKROOT)/Developer/Library/Frameworks",
					"$(inherited)",
					"$(DEVELOPER_FRAMEWORKS_DIR)",
				);
				GCC_PRECOMPILE_PREFIX_HEADER = YES;
				GCC_PREFIX_HEADER = "HelloWorld/HelloWorld-Prefix.pch";
				GCC_PREPROCESSOR_DEFINITIONS = (
					"DEBUG=1",
					"$(inherited)",
				);
				INFOPLIST_FILE = "HelloWorldTests/HelloWorldTests-Info.plist";
				PRODUCT_NAME = "$(TARGET_NAME)";
				TEST_HOST = "$(BUNDLE_LOADER)";
				WRAPPER_EXTENSION = xctest;
			};
			name = Debug;
		};
		C37BB3D018B483D800ACB372 /* Release */ = {
			isa = XCBuildConfiguration;
			buildSettings = {
				ARCHS = "$(ARCHS_STANDARD_INCLUDING_64_BIT)";
				BUNDLE_LOADER = "$(BUILT_PRODUCTS_DIR)/HelloWorld.app/HelloWorld";
				FRAMEWORK_SEARCH_PATHS = (
					"$(SDKROOT)/Developer/Library/Frameworks",
					"$(inherited)",
					"$(DEVELOPER_FRAMEWORKS_DIR)",
				);
				GCC_PRECOMPILE_PREFIX_HEADER = YES;
				GCC_PREFIX_HEADER = "HelloWorld/HelloWorld-Prefix.pch";
				INFOPLIST_FILE = "HelloWorldTests/HelloWorldTests-Info.plist";
				PRODUCT_NAME = "$(TARGET_NAME)";
				TEST_HOST = "$(BUNDLE_LOADER)";
				WRAPPER_EXTENSION = xctest;
			};
			name = Release;
		};
/* End XCBuildConfiguration section */

/* Begin XCConfigurationList section */
		C37BB39418B483D700ACB372 /* Build configuration list for PBXProject "HelloWorld" */ = {
			isa = XCConfigurationList;
			buildConfigurations = (
				C37BB3C918B483D800ACB372 /* Debug */,
				C37BB3CA18B483D800ACB372 /* Release */,
			);
			defaultConfigurationIsVisible = 0;
			defaultConfigurationName = Release;
		};
		C37BB3CB18B483D800ACB372 /* Build configuration list for PBXNativeTarget "HelloWorld" */ = {
			isa = XCConfigurationList;
			buildConfigurations = (
				C37BB3CC18B483D800ACB372 /* Debug */,
				C37BB3CD18B483D800ACB372 /* Release */,
			);
			defaultConfigurationIsVisible = 0;
		};
		C37BB3CE18B483D800ACB372 /* Build configuration list for PBXNativeTarget "HelloWorldTests" */ = {
			isa = XCConfigurationList;
			buildConfigurations = (
				C37BB3CF18B483D800ACB372 /* Debug */,
				C37BB3D018B483D800ACB372 /* Release */,
			);
			defaultConfigurationIsVisible = 0;
		};
/* End XCConfigurationList section */
	};
	rootObject = C37BB39118B483D700ACB372 /* Project object */;
}
